// !$*UTF8*$!
{
	archiveVersion = 1;
	classes = {
	};
	objectVersion = 56;
	objects = {

/* Begin PBXBuildFile section */
		FC878F842B46FD9500FC549B /* AppDelegate.swift in Sources */ = {isa = PBXBuildFile; fileRef = FC878F832B46FD9500FC549B /* AppDelegate.swift */; };
		FC878F862B46FD9500FC549B /* SceneDelegate.swift in Sources */ = {isa = PBXBuildFile; fileRef = FC878F852B46FD9500FC549B /* SceneDelegate.swift */; };
		FC878F8D2B46FD9600FC549B /* Assets.xcassets in Resources */ = {isa = PBXBuildFile; fileRef = FC878F8C2B46FD9600FC549B /* Assets.xcassets */; };
		FC878F902B46FD9600FC549B /* LaunchScreen.storyboard in Resources */ = {isa = PBXBuildFile; fileRef = FC878F8E2B46FD9600FC549B /* LaunchScreen.storyboard */; };
		FC878F9B2B46FD9600FC549B /* MarvelliciousVIPTests.swift in Sources */ = {isa = PBXBuildFile; fileRef = FC878F9A2B46FD9600FC549B /* MarvelliciousVIPTests.swift */; };
		FC878FA52B46FD9700FC549B /* MarvelliciousVIPUITests.swift in Sources */ = {isa = PBXBuildFile; fileRef = FC878FA42B46FD9700FC549B /* MarvelliciousVIPUITests.swift */; };
		FC878FA72B46FD9700FC549B /* MarvelliciousVIPUITestsLaunchTests.swift in Sources */ = {isa = PBXBuildFile; fileRef = FC878FA62B46FD9700FC549B /* MarvelliciousVIPUITestsLaunchTests.swift */; };
		FC878FBA2B47327C00FC549B /* CharacterListPresenter.swift in Sources */ = {isa = PBXBuildFile; fileRef = FC878FB42B47327C00FC549B /* CharacterListPresenter.swift */; };
		FC878FBB2B47327C00FC549B /* CharacterListWorker.swift in Sources */ = {isa = PBXBuildFile; fileRef = FC878FB52B47327C00FC549B /* CharacterListWorker.swift */; };
		FC878FBC2B47327C00FC549B /* CharacterListRouter.swift in Sources */ = {isa = PBXBuildFile; fileRef = FC878FB62B47327C00FC549B /* CharacterListRouter.swift */; };
		FC878FBD2B47327C00FC549B /* CharacterListModels.swift in Sources */ = {isa = PBXBuildFile; fileRef = FC878FB72B47327C00FC549B /* CharacterListModels.swift */; };
		FC878FBE2B47327C00FC549B /* CharacterListViewController.swift in Sources */ = {isa = PBXBuildFile; fileRef = FC878FB82B47327C00FC549B /* CharacterListViewController.swift */; };
		FC878FBF2B47327C00FC549B /* CharacterListInteractor.swift in Sources */ = {isa = PBXBuildFile; fileRef = FC878FB92B47327C00FC549B /* CharacterListInteractor.swift */; };
		FC878FC22B4736E400FC549B /* NetworkService.swift in Sources */ = {isa = PBXBuildFile; fileRef = FC878FC12B4736E400FC549B /* NetworkService.swift */; };
		FC878FC42B47370600FC549B /* Helper.swift in Sources */ = {isa = PBXBuildFile; fileRef = FC878FC32B47370600FC549B /* Helper.swift */; };
		FC878FC62B4739DD00FC549B /* ListResponse.swift in Sources */ = {isa = PBXBuildFile; fileRef = FC878FC52B4739DD00FC549B /* ListResponse.swift */; };
		FC878FC82B474FB800FC549B /* UIView.swift in Sources */ = {isa = PBXBuildFile; fileRef = FC878FC72B474FB800FC549B /* UIView.swift */; };
		FC878FCA2B47527200FC549B /* CharacterListTableViewCell.swift in Sources */ = {isa = PBXBuildFile; fileRef = FC878FC92B47527200FC549B /* CharacterListTableViewCell.swift */; };
		FC878FCC2B47546A00FC549B /* ImageDownloader.swift in Sources */ = {isa = PBXBuildFile; fileRef = FC878FCB2B47546A00FC549B /* ImageDownloader.swift */; };
		FC878FD72B48AE3300FC549B /* CharacterDetailsPresenter.swift in Sources */ = {isa = PBXBuildFile; fileRef = FC878FD12B48AE3300FC549B /* CharacterDetailsPresenter.swift */; };
		FC878FD82B48AE3300FC549B /* CharacterDetailsWorker.swift in Sources */ = {isa = PBXBuildFile; fileRef = FC878FD22B48AE3300FC549B /* CharacterDetailsWorker.swift */; };
		FC878FD92B48AE3300FC549B /* CharacterDetailsRouter.swift in Sources */ = {isa = PBXBuildFile; fileRef = FC878FD32B48AE3300FC549B /* CharacterDetailsRouter.swift */; };
		FC878FDA2B48AE3300FC549B /* CharacterDetailsModels.swift in Sources */ = {isa = PBXBuildFile; fileRef = FC878FD42B48AE3300FC549B /* CharacterDetailsModels.swift */; };
		FC878FDB2B48AE3300FC549B /* CharacterDetailsViewController.swift in Sources */ = {isa = PBXBuildFile; fileRef = FC878FD52B48AE3300FC549B /* CharacterDetailsViewController.swift */; };
		FC878FDC2B48AE3300FC549B /* CharacterDetailsInteractor.swift in Sources */ = {isa = PBXBuildFile; fileRef = FC878FD62B48AE3300FC549B /* CharacterDetailsInteractor.swift */; };
/* End PBXBuildFile section */

/* Begin PBXContainerItemProxy section */
		FC878F972B46FD9600FC549B /* PBXContainerItemProxy */ = {
			isa = PBXContainerItemProxy;
			containerPortal = FC878F782B46FD9500FC549B /* Project object */;
			proxyType = 1;
			remoteGlobalIDString = FC878F7F2B46FD9500FC549B;
			remoteInfo = MarvelliciousVIP;
		};
		FC878FA12B46FD9700FC549B /* PBXContainerItemProxy */ = {
			isa = PBXContainerItemProxy;
			containerPortal = FC878F782B46FD9500FC549B /* Project object */;
			proxyType = 1;
			remoteGlobalIDString = FC878F7F2B46FD9500FC549B;
			remoteInfo = MarvelliciousVIP;
		};
/* End PBXContainerItemProxy section */

/* Begin PBXFileReference section */
		FC878F802B46FD9500FC549B /* MarvelliciousVIP.app */ = {isa = PBXFileReference; explicitFileType = wrapper.application; includeInIndex = 0; path = MarvelliciousVIP.app; sourceTree = BUILT_PRODUCTS_DIR; };
		FC878F832B46FD9500FC549B /* AppDelegate.swift */ = {isa = PBXFileReference; lastKnownFileType = sourcecode.swift; path = AppDelegate.swift; sourceTree = "<group>"; };
		FC878F852B46FD9500FC549B /* SceneDelegate.swift */ = {isa = PBXFileReference; lastKnownFileType = sourcecode.swift; path = SceneDelegate.swift; sourceTree = "<group>"; };
		FC878F8C2B46FD9600FC549B /* Assets.xcassets */ = {isa = PBXFileReference; lastKnownFileType = folder.assetcatalog; path = Assets.xcassets; sourceTree = "<group>"; };
		FC878F8F2B46FD9600FC549B /* Base */ = {isa = PBXFileReference; lastKnownFileType = file.storyboard; name = Base; path = Base.lproj/LaunchScreen.storyboard; sourceTree = "<group>"; };
		FC878F912B46FD9600FC549B /* Info.plist */ = {isa = PBXFileReference; lastKnownFileType = text.plist.xml; path = Info.plist; sourceTree = "<group>"; };
		FC878F962B46FD9600FC549B /* MarvelliciousVIPTests.xctest */ = {isa = PBXFileReference; explicitFileType = wrapper.cfbundle; includeInIndex = 0; path = MarvelliciousVIPTests.xctest; sourceTree = BUILT_PRODUCTS_DIR; };
		FC878F9A2B46FD9600FC549B /* MarvelliciousVIPTests.swift */ = {isa = PBXFileReference; lastKnownFileType = sourcecode.swift; path = MarvelliciousVIPTests.swift; sourceTree = "<group>"; };
		FC878FA02B46FD9700FC549B /* MarvelliciousVIPUITests.xctest */ = {isa = PBXFileReference; explicitFileType = wrapper.cfbundle; includeInIndex = 0; path = MarvelliciousVIPUITests.xctest; sourceTree = BUILT_PRODUCTS_DIR; };
		FC878FA42B46FD9700FC549B /* MarvelliciousVIPUITests.swift */ = {isa = PBXFileReference; lastKnownFileType = sourcecode.swift; path = MarvelliciousVIPUITests.swift; sourceTree = "<group>"; };
		FC878FA62B46FD9700FC549B /* MarvelliciousVIPUITestsLaunchTests.swift */ = {isa = PBXFileReference; lastKnownFileType = sourcecode.swift; path = MarvelliciousVIPUITestsLaunchTests.swift; sourceTree = "<group>"; };
		FC878FB42B47327C00FC549B /* CharacterListPresenter.swift */ = {isa = PBXFileReference; lastKnownFileType = sourcecode.swift; path = CharacterListPresenter.swift; sourceTree = "<group>"; };
		FC878FB52B47327C00FC549B /* CharacterListWorker.swift */ = {isa = PBXFileReference; lastKnownFileType = sourcecode.swift; path = CharacterListWorker.swift; sourceTree = "<group>"; };
		FC878FB62B47327C00FC549B /* CharacterListRouter.swift */ = {isa = PBXFileReference; lastKnownFileType = sourcecode.swift; path = CharacterListRouter.swift; sourceTree = "<group>"; };
		FC878FB72B47327C00FC549B /* CharacterListModels.swift */ = {isa = PBXFileReference; lastKnownFileType = sourcecode.swift; path = CharacterListModels.swift; sourceTree = "<group>"; };
		FC878FB82B47327C00FC549B /* CharacterListViewController.swift */ = {isa = PBXFileReference; lastKnownFileType = sourcecode.swift; path = CharacterListViewController.swift; sourceTree = "<group>"; };
		FC878FB92B47327C00FC549B /* CharacterListInteractor.swift */ = {isa = PBXFileReference; lastKnownFileType = sourcecode.swift; path = CharacterListInteractor.swift; sourceTree = "<group>"; };
		FC878FC12B4736E400FC549B /* NetworkService.swift */ = {isa = PBXFileReference; lastKnownFileType = sourcecode.swift; path = NetworkService.swift; sourceTree = "<group>"; };
		FC878FC32B47370600FC549B /* Helper.swift */ = {isa = PBXFileReference; lastKnownFileType = sourcecode.swift; path = Helper.swift; sourceTree = "<group>"; };
		FC878FC52B4739DD00FC549B /* ListResponse.swift */ = {isa = PBXFileReference; lastKnownFileType = sourcecode.swift; path = ListResponse.swift; sourceTree = "<group>"; };
		FC878FC72B474FB800FC549B /* UIView.swift */ = {isa = PBXFileReference; lastKnownFileType = sourcecode.swift; path = UIView.swift; sourceTree = "<group>"; };
		FC878FC92B47527200FC549B /* CharacterListTableViewCell.swift */ = {isa = PBXFileReference; lastKnownFileType = sourcecode.swift; path = CharacterListTableViewCell.swift; sourceTree = "<group>"; };
		FC878FCB2B47546A00FC549B /* ImageDownloader.swift */ = {isa = PBXFileReference; lastKnownFileType = sourcecode.swift; path = ImageDownloader.swift; sourceTree = "<group>"; };
		FC878FD12B48AE3300FC549B /* CharacterDetailsPresenter.swift */ = {isa = PBXFileReference; lastKnownFileType = sourcecode.swift; path = CharacterDetailsPresenter.swift; sourceTree = "<group>"; };
		FC878FD22B48AE3300FC549B /* CharacterDetailsWorker.swift */ = {isa = PBXFileReference; lastKnownFileType = sourcecode.swift; path = CharacterDetailsWorker.swift; sourceTree = "<group>"; };
		FC878FD32B48AE3300FC549B /* CharacterDetailsRouter.swift */ = {isa = PBXFileReference; lastKnownFileType = sourcecode.swift; path = CharacterDetailsRouter.swift; sourceTree = "<group>"; };
		FC878FD42B48AE3300FC549B /* CharacterDetailsModels.swift */ = {isa = PBXFileReference; lastKnownFileType = sourcecode.swift; path = CharacterDetailsModels.swift; sourceTree = "<group>"; };
		FC878FD52B48AE3300FC549B /* CharacterDetailsViewController.swift */ = {isa = PBXFileReference; lastKnownFileType = sourcecode.swift; path = CharacterDetailsViewController.swift; sourceTree = "<group>"; };
		FC878FD62B48AE3300FC549B /* CharacterDetailsInteractor.swift */ = {isa = PBXFileReference; lastKnownFileType = sourcecode.swift; path = CharacterDetailsInteractor.swift; sourceTree = "<group>"; };
/* End PBXFileReference section */

/* Begin PBXFrameworksBuildPhase section */
		FC878F7D2B46FD9500FC549B /* Frameworks */ = {
			isa = PBXFrameworksBuildPhase;
			buildActionMask = 2147483647;
			files = (
			);
			runOnlyForDeploymentPostprocessing = 0;
		};
		FC878F932B46FD9600FC549B /* Frameworks */ = {
			isa = PBXFrameworksBuildPhase;
			buildActionMask = 2147483647;
			files = (
			);
			runOnlyForDeploymentPostprocessing = 0;
		};
		FC878F9D2B46FD9700FC549B /* Frameworks */ = {
			isa = PBXFrameworksBuildPhase;
			buildActionMask = 2147483647;
			files = (
			);
			runOnlyForDeploymentPostprocessing = 0;
		};
/* End PBXFrameworksBuildPhase section */

/* Begin PBXGroup section */
		FC878F772B46FD9500FC549B = {
			isa = PBXGroup;
			children = (
				FC878F822B46FD9500FC549B /* MarvelliciousVIP */,
				FC878F992B46FD9600FC549B /* MarvelliciousVIPTests */,
				FC878FA32B46FD9700FC549B /* MarvelliciousVIPUITests */,
				FC878F812B46FD9500FC549B /* Products */,
			);
			sourceTree = "<group>";
		};
		FC878F812B46FD9500FC549B /* Products */ = {
			isa = PBXGroup;
			children = (
				FC878F802B46FD9500FC549B /* MarvelliciousVIP.app */,
				FC878F962B46FD9600FC549B /* MarvelliciousVIPTests.xctest */,
				FC878FA02B46FD9700FC549B /* MarvelliciousVIPUITests.xctest */,
			);
			name = Products;
			sourceTree = "<group>";
		};
		FC878F822B46FD9500FC549B /* MarvelliciousVIP */ = {
			isa = PBXGroup;
			children = (
				FC878F832B46FD9500FC549B /* AppDelegate.swift */,
				FC878F852B46FD9500FC549B /* SceneDelegate.swift */,
				FCB908592B48C8E70011AD22 /* Model */,
				FC878FB32B47322600FC549B /* Scenes */,
				FC878FC02B4736BF00FC549B /* Network */,
				FC878F8C2B46FD9600FC549B /* Assets.xcassets */,
				FC878F8E2B46FD9600FC549B /* LaunchScreen.storyboard */,
				FC878F912B46FD9600FC549B /* Info.plist */,
				FC878FC72B474FB800FC549B /* UIView.swift */,
			);
			path = MarvelliciousVIP;
			sourceTree = "<group>";
		};
		FC878F992B46FD9600FC549B /* MarvelliciousVIPTests */ = {
			isa = PBXGroup;
			children = (
				FC878F9A2B46FD9600FC549B /* MarvelliciousVIPTests.swift */,
			);
			path = MarvelliciousVIPTests;
			sourceTree = "<group>";
		};
		FC878FA32B46FD9700FC549B /* MarvelliciousVIPUITests */ = {
			isa = PBXGroup;
			children = (
				FC878FA42B46FD9700FC549B /* MarvelliciousVIPUITests.swift */,
				FC878FA62B46FD9700FC549B /* MarvelliciousVIPUITestsLaunchTests.swift */,
			);
			path = MarvelliciousVIPUITests;
			sourceTree = "<group>";
		};
		FC878FB32B47322600FC549B /* Scenes */ = {
			isa = PBXGroup;
			children = (
				FC878FD02B48AE1D00FC549B /* CharacterDetails */,
				FC878FCF2B48ADEF00FC549B /* CharacterList */,
			);
			path = Scenes;
			sourceTree = "<group>";
		};
		FC878FC02B4736BF00FC549B /* Network */ = {
			isa = PBXGroup;
			children = (
				FC878FC12B4736E400FC549B /* NetworkService.swift */,
				FC878FCB2B47546A00FC549B /* ImageDownloader.swift */,
				FC878FC32B47370600FC549B /* Helper.swift */,
			);
			path = Network;
			sourceTree = "<group>";
		};
		FC878FCF2B48ADEF00FC549B /* CharacterList */ = {
			isa = PBXGroup;
			children = (
				FC878FB42B47327C00FC549B /* CharacterListPresenter.swift */,
				FC878FB52B47327C00FC549B /* CharacterListWorker.swift */,
				FC878FB62B47327C00FC549B /* CharacterListRouter.swift */,
				FC878FB72B47327C00FC549B /* CharacterListModels.swift */,
				FC878FB82B47327C00FC549B /* CharacterListViewController.swift */,
				FC878FB92B47327C00FC549B /* CharacterListInteractor.swift */,
				FC878FC92B47527200FC549B /* CharacterListTableViewCell.swift */,
			);
			path = CharacterList;
			sourceTree = "<group>";
		};
		FC878FD02B48AE1D00FC549B /* CharacterDetails */ = {
			isa = PBXGroup;
			children = (
				FC878FD12B48AE3300FC549B /* CharacterDetailsPresenter.swift */,
				FC878FD22B48AE3300FC549B /* CharacterDetailsWorker.swift */,
				FC878FD32B48AE3300FC549B /* CharacterDetailsRouter.swift */,
				FC878FD42B48AE3300FC549B /* CharacterDetailsModels.swift */,
				FC878FD52B48AE3300FC549B /* CharacterDetailsViewController.swift */,
				FC878FD62B48AE3300FC549B /* CharacterDetailsInteractor.swift */,
			);
			path = CharacterDetails;
			sourceTree = "<group>";
		};
		FCB908592B48C8E70011AD22 /* Model */ = {
			isa = PBXGroup;
			children = (
				FC878FC52B4739DD00FC549B /* ListResponse.swift */,
			);
			path = Model;
			sourceTree = "<group>";
		};
/* End PBXGroup section */

/* Begin PBXNativeTarget section */
		FC878F7F2B46FD9500FC549B /* MarvelliciousVIP */ = {
			isa = PBXNativeTarget;
			buildConfigurationList = FC878FAA2B46FD9700FC549B /* Build configuration list for PBXNativeTarget "MarvelliciousVIP" */;
			buildPhases = (
				FC878F7C2B46FD9500FC549B /* Sources */,
				FC878F7D2B46FD9500FC549B /* Frameworks */,
				FC878F7E2B46FD9500FC549B /* Resources */,
			);
			buildRules = (
			);
			dependencies = (
			);
			name = MarvelliciousVIP;
			productName = MarvelliciousVIP;
			productReference = FC878F802B46FD9500FC549B /* MarvelliciousVIP.app */;
			productType = "com.apple.product-type.application";
		};
		FC878F952B46FD9600FC549B /* MarvelliciousVIPTests */ = {
			isa = PBXNativeTarget;
			buildConfigurationList = FC878FAD2B46FD9700FC549B /* Build configuration list for PBXNativeTarget "MarvelliciousVIPTests" */;
			buildPhases = (
				FC878F922B46FD9600FC549B /* Sources */,
				FC878F932B46FD9600FC549B /* Frameworks */,
				FC878F942B46FD9600FC549B /* Resources */,
			);
			buildRules = (
			);
			dependencies = (
				FC878F982B46FD9600FC549B /* PBXTargetDependency */,
			);
			name = MarvelliciousVIPTests;
			productName = MarvelliciousVIPTests;
			productReference = FC878F962B46FD9600FC549B /* MarvelliciousVIPTests.xctest */;
			productType = "com.apple.product-type.bundle.unit-test";
		};
		FC878F9F2B46FD9700FC549B /* MarvelliciousVIPUITests */ = {
			isa = PBXNativeTarget;
			buildConfigurationList = FC878FB02B46FD9700FC549B /* Build configuration list for PBXNativeTarget "MarvelliciousVIPUITests" */;
			buildPhases = (
				FC878F9C2B46FD9700FC549B /* Sources */,
				FC878F9D2B46FD9700FC549B /* Frameworks */,
				FC878F9E2B46FD9700FC549B /* Resources */,
			);
			buildRules = (
			);
			dependencies = (
				FC878FA22B46FD9700FC549B /* PBXTargetDependency */,
			);
			name = MarvelliciousVIPUITests;
			productName = MarvelliciousVIPUITests;
			productReference = FC878FA02B46FD9700FC549B /* MarvelliciousVIPUITests.xctest */;
			productType = "com.apple.product-type.bundle.ui-testing";
		};
/* End PBXNativeTarget section */

/* Begin PBXProject section */
		FC878F782B46FD9500FC549B /* Project object */ = {
			isa = PBXProject;
			attributes = {
				BuildIndependentTargetsInParallel = 1;
				LastSwiftUpdateCheck = 1500;
				LastUpgradeCheck = 1500;
				TargetAttributes = {
					FC878F7F2B46FD9500FC549B = {
						CreatedOnToolsVersion = 15.0.1;
					};
					FC878F952B46FD9600FC549B = {
						CreatedOnToolsVersion = 15.0.1;
						TestTargetID = FC878F7F2B46FD9500FC549B;
					};
					FC878F9F2B46FD9700FC549B = {
						CreatedOnToolsVersion = 15.0.1;
						TestTargetID = FC878F7F2B46FD9500FC549B;
					};
				};
			};
			buildConfigurationList = FC878F7B2B46FD9500FC549B /* Build configuration list for PBXProject "MarvelliciousVIP" */;
			compatibilityVersion = "Xcode 14.0";
			developmentRegion = en;
			hasScannedForEncodings = 0;
			knownRegions = (
				en,
				Base,
			);
			mainGroup = FC878F772B46FD9500FC549B;
			productRefGroup = FC878F812B46FD9500FC549B /* Products */;
			projectDirPath = "";
			projectRoot = "";
			targets = (
				FC878F7F2B46FD9500FC549B /* MarvelliciousVIP */,
				FC878F952B46FD9600FC549B /* MarvelliciousVIPTests */,
				FC878F9F2B46FD9700FC549B /* MarvelliciousVIPUITests */,
			);
		};
/* End PBXProject section */

/* Begin PBXResourcesBuildPhase section */
		FC878F7E2B46FD9500FC549B /* Resources */ = {
			isa = PBXResourcesBuildPhase;
			buildActionMask = 2147483647;
			files = (
				FC878F902B46FD9600FC549B /* LaunchScreen.storyboard in Resources */,
				FC878F8D2B46FD9600FC549B /* Assets.xcassets in Resources */,
			);
			runOnlyForDeploymentPostprocessing = 0;
		};
		FC878F942B46FD9600FC549B /* Resources */ = {
			isa = PBXResourcesBuildPhase;
			buildActionMask = 2147483647;
			files = (
			);
			runOnlyForDeploymentPostprocessing = 0;
		};
		FC878F9E2B46FD9700FC549B /* Resources */ = {
			isa = PBXResourcesBuildPhase;
			buildActionMask = 2147483647;
			files = (
			);
			runOnlyForDeploymentPostprocessing = 0;
		};
/* End PBXResourcesBuildPhase section */

/* Begin PBXSourcesBuildPhase section */
		FC878F7C2B46FD9500FC549B /* Sources */ = {
			isa = PBXSourcesBuildPhase;
			buildActionMask = 2147483647;
			files = (
				FC878FBC2B47327C00FC549B /* CharacterListRouter.swift in Sources */,
				FC878FBA2B47327C00FC549B /* CharacterListPresenter.swift in Sources */,
				FC878FDA2B48AE3300FC549B /* CharacterDetailsModels.swift in Sources */,
				FC878FCC2B47546A00FC549B /* ImageDownloader.swift in Sources */,
				FC878FCA2B47527200FC549B /* CharacterListTableViewCell.swift in Sources */,
				FC878FD72B48AE3300FC549B /* CharacterDetailsPresenter.swift in Sources */,
				FC878F842B46FD9500FC549B /* AppDelegate.swift in Sources */,
				FC878FBE2B47327C00FC549B /* CharacterListViewController.swift in Sources */,
				FC878FC82B474FB800FC549B /* UIView.swift in Sources */,
				FC878FC22B4736E400FC549B /* NetworkService.swift in Sources */,
				FC878FC62B4739DD00FC549B /* ListResponse.swift in Sources */,
				FC878F862B46FD9500FC549B /* SceneDelegate.swift in Sources */,
				FC878FDC2B48AE3300FC549B /* CharacterDetailsInteractor.swift in Sources */,
				FC878FBB2B47327C00FC549B /* CharacterListWorker.swift in Sources */,
				FC878FC42B47370600FC549B /* Helper.swift in Sources */,
				FC878FBD2B47327C00FC549B /* CharacterListModels.swift in Sources */,
				FC878FBF2B47327C00FC549B /* CharacterListInteractor.swift in Sources */,
				FC878FDB2B48AE3300FC549B /* CharacterDetailsViewController.swift in Sources */,
				FC878FD82B48AE3300FC549B /* CharacterDetailsWorker.swift in Sources */,
				FC878FD92B48AE3300FC549B /* CharacterDetailsRouter.swift in Sources */,
			);
			runOnlyForDeploymentPostprocessing = 0;
		};
		FC878F922B46FD9600FC549B /* Sources */ = {
			isa = PBXSourcesBuildPhase;
			buildActionMask = 2147483647;
			files = (
				FC878F9B2B46FD9600FC549B /* MarvelliciousVIPTests.swift in Sources */,
			);
			runOnlyForDeploymentPostprocessing = 0;
		};
		FC878F9C2B46FD9700FC549B /* Sources */ = {
			isa = PBXSourcesBuildPhase;
			buildActionMask = 2147483647;
			files = (
				FC878FA72B46FD9700FC549B /* MarvelliciousVIPUITestsLaunchTests.swift in Sources */,
				FC878FA52B46FD9700FC549B /* MarvelliciousVIPUITests.swift in Sources */,
			);
			runOnlyForDeploymentPostprocessing = 0;
		};
/* End PBXSourcesBuildPhase section */

/* Begin PBXTargetDependency section */
		FC878F982B46FD9600FC549B /* PBXTargetDependency */ = {
			isa = PBXTargetDependency;
			target = FC878F7F2B46FD9500FC549B /* MarvelliciousVIP */;
			targetProxy = FC878F972B46FD9600FC549B /* PBXContainerItemProxy */;
		};
		FC878FA22B46FD9700FC549B /* PBXTargetDependency */ = {
			isa = PBXTargetDependency;
			target = FC878F7F2B46FD9500FC549B /* MarvelliciousVIP */;
			targetProxy = FC878FA12B46FD9700FC549B /* PBXContainerItemProxy */;
		};
/* End PBXTargetDependency section */

/* Begin PBXVariantGroup section */
		FC878F8E2B46FD9600FC549B /* LaunchScreen.storyboard */ = {
			isa = PBXVariantGroup;
			children = (
				FC878F8F2B46FD9600FC549B /* Base */,
			);
			name = LaunchScreen.storyboard;
			sourceTree = "<group>";
		};
/* End PBXVariantGroup section */

/* Begin XCBuildConfiguration section */
		FC878FA82B46FD9700FC549B /* Debug */ = {
			isa = XCBuildConfiguration;
			buildSettings = {
				ALWAYS_SEARCH_USER_PATHS = NO;
				ASSETCATALOG_COMPILER_GENERATE_SWIFT_ASSET_SYMBOL_EXTENSIONS = YES;
				CLANG_ANALYZER_NONNULL = YES;
				CLANG_ANALYZER_NUMBER_OBJECT_CONVERSION = YES_AGGRESSIVE;
				CLANG_CXX_LANGUAGE_STANDARD = "gnu++20";
				CLANG_ENABLE_MODULES = YES;
				CLANG_ENABLE_OBJC_ARC = YES;
				CLANG_ENABLE_OBJC_WEAK = YES;
				CLANG_WARN_BLOCK_CAPTURE_AUTORELEASING = YES;
				CLANG_WARN_BOOL_CONVERSION = YES;
				CLANG_WARN_COMMA = YES;
				CLANG_WARN_CONSTANT_CONVERSION = YES;
				CLANG_WARN_DEPRECATED_OBJC_IMPLEMENTATIONS = YES;
				CLANG_WARN_DIRECT_OBJC_ISA_USAGE = YES_ERROR;
				CLANG_WARN_DOCUMENTATION_COMMENTS = YES;
				CLANG_WARN_EMPTY_BODY = YES;
				CLANG_WARN_ENUM_CONVERSION = YES;
				CLANG_WARN_INFINITE_RECURSION = YES;
				CLANG_WARN_INT_CONVERSION = YES;
				CLANG_WARN_NON_LITERAL_NULL_CONVERSION = YES;
				CLANG_WARN_OBJC_IMPLICIT_RETAIN_SELF = YES;
				CLANG_WARN_OBJC_LITERAL_CONVERSION = YES;
				CLANG_WARN_OBJC_ROOT_CLASS = YES_ERROR;
				CLANG_WARN_QUOTED_INCLUDE_IN_FRAMEWORK_HEADER = YES;
				CLANG_WARN_RANGE_LOOP_ANALYSIS = YES;
				CLANG_WARN_STRICT_PROTOTYPES = YES;
				CLANG_WARN_SUSPICIOUS_MOVE = YES;
				CLANG_WARN_UNGUARDED_AVAILABILITY = YES_AGGRESSIVE;
				CLANG_WARN_UNREACHABLE_CODE = YES;
				CLANG_WARN__DUPLICATE_METHOD_MATCH = YES;
				COPY_PHASE_STRIP = NO;
				DEBUG_INFORMATION_FORMAT = dwarf;
				ENABLE_STRICT_OBJC_MSGSEND = YES;
				ENABLE_TESTABILITY = YES;
				ENABLE_USER_SCRIPT_SANDBOXING = YES;
				GCC_C_LANGUAGE_STANDARD = gnu17;
				GCC_DYNAMIC_NO_PIC = NO;
				GCC_NO_COMMON_BLOCKS = YES;
				GCC_OPTIMIZATION_LEVEL = 0;
				GCC_PREPROCESSOR_DEFINITIONS = (
					"DEBUG=1",
					"$(inherited)",
				);
				GCC_WARN_64_TO_32_BIT_CONVERSION = YES;
				GCC_WARN_ABOUT_RETURN_TYPE = YES_ERROR;
				GCC_WARN_UNDECLARED_SELECTOR = YES;
				GCC_WARN_UNINITIALIZED_AUTOS = YES_AGGRESSIVE;
				GCC_WARN_UNUSED_FUNCTION = YES;
				GCC_WARN_UNUSED_VARIABLE = YES;
				IPHONEOS_DEPLOYMENT_TARGET = 17.0;
				LOCALIZATION_PREFERS_STRING_CATALOGS = YES;
				MTL_ENABLE_DEBUG_INFO = INCLUDE_SOURCE;
				MTL_FAST_MATH = YES;
				ONLY_ACTIVE_ARCH = YES;
				SDKROOT = iphoneos;
				SWIFT_ACTIVE_COMPILATION_CONDITIONS = "DEBUG $(inherited)";
				SWIFT_OPTIMIZATION_LEVEL = "-Onone";
			};
			name = Debug;
		};
		FC878FA92B46FD9700FC549B /* Release */ = {
			isa = XCBuildConfiguration;
			buildSettings = {
				ALWAYS_SEARCH_USER_PATHS = NO;
				ASSETCATALOG_COMPILER_GENERATE_SWIFT_ASSET_SYMBOL_EXTENSIONS = YES;
				CLANG_ANALYZER_NONNULL = YES;
				CLANG_ANALYZER_NUMBER_OBJECT_CONVERSION = YES_AGGRESSIVE;
				CLANG_CXX_LANGUAGE_STANDARD = "gnu++20";
				CLANG_ENABLE_MODULES = YES;
				CLANG_ENABLE_OBJC_ARC = YES;
				CLANG_ENABLE_OBJC_WEAK = YES;
				CLANG_WARN_BLOCK_CAPTURE_AUTORELEASING = YES;
				CLANG_WARN_BOOL_CONVERSION = YES;
				CLANG_WARN_COMMA = YES;
				CLANG_WARN_CONSTANT_CONVERSION = YES;
				CLANG_WARN_DEPRECATED_OBJC_IMPLEMENTATIONS = YES;
				CLANG_WARN_DIRECT_OBJC_ISA_USAGE = YES_ERROR;
				CLANG_WARN_DOCUMENTATION_COMMENTS = YES;
				CLANG_WARN_EMPTY_BODY = YES;
				CLANG_WARN_ENUM_CONVERSION = YES;
				CLANG_WARN_INFINITE_RECURSION = YES;
				CLANG_WARN_INT_CONVERSION = YES;
				CLANG_WARN_NON_LITERAL_NULL_CONVERSION = YES;
				CLANG_WARN_OBJC_IMPLICIT_RETAIN_SELF = YES;
				CLANG_WARN_OBJC_LITERAL_CONVERSION = YES;
				CLANG_WARN_OBJC_ROOT_CLASS = YES_ERROR;
				CLANG_WARN_QUOTED_INCLUDE_IN_FRAMEWORK_HEADER = YES;
				CLANG_WARN_RANGE_LOOP_ANALYSIS = YES;
				CLANG_WARN_STRICT_PROTOTYPES = YES;
				CLANG_WARN_SUSPICIOUS_MOVE = YES;
				CLANG_WARN_UNGUARDED_AVAILABILITY = YES_AGGRESSIVE;
				CLANG_WARN_UNREACHABLE_CODE = YES;
				CLANG_WARN__DUPLICATE_METHOD_MATCH = YES;
				COPY_PHASE_STRIP = NO;
				DEBUG_INFORMATION_FORMAT = "dwarf-with-dsym";
				ENABLE_NS_ASSERTIONS = NO;
				ENABLE_STRICT_OBJC_MSGSEND = YES;
				ENABLE_USER_SCRIPT_SANDBOXING = YES;
				GCC_C_LANGUAGE_STANDARD = gnu17;
				GCC_NO_COMMON_BLOCKS = YES;
				GCC_WARN_64_TO_32_BIT_CONVERSION = YES;
				GCC_WARN_ABOUT_RETURN_TYPE = YES_ERROR;
				GCC_WARN_UNDECLARED_SELECTOR = YES;
				GCC_WARN_UNINITIALIZED_AUTOS = YES_AGGRESSIVE;
				GCC_WARN_UNUSED_FUNCTION = YES;
				GCC_WARN_UNUSED_VARIABLE = YES;
				IPHONEOS_DEPLOYMENT_TARGET = 17.0;
				LOCALIZATION_PREFERS_STRING_CATALOGS = YES;
				MTL_ENABLE_DEBUG_INFO = NO;
				MTL_FAST_MATH = YES;
				SDKROOT = iphoneos;
				SWIFT_COMPILATION_MODE = wholemodule;
				VALIDATE_PRODUCT = YES;
			};
			name = Release;
		};
		FC878FAB2B46FD9700FC549B /* Debug */ = {
			isa = XCBuildConfiguration;
			buildSettings = {
				ASSETCATALOG_COMPILER_APPICON_NAME = AppIcon;
				ASSETCATALOG_COMPILER_GLOBAL_ACCENT_COLOR_NAME = AccentColor;
				CODE_SIGN_STYLE = Automatic;
				CURRENT_PROJECT_VERSION = 1;
				DEVELOPMENT_TEAM = "";
				GENERATE_INFOPLIST_FILE = YES;
				INFOPLIST_FILE = MarvelliciousVIP/Info.plist;
				INFOPLIST_KEY_UIApplicationSupportsIndirectInputEvents = YES;
				INFOPLIST_KEY_UILaunchStoryboardName = LaunchScreen;
				INFOPLIST_KEY_UIMainStoryboardFile = "";
				INFOPLIST_KEY_UISupportedInterfaceOrientations_iPad = "UIInterfaceOrientationPortrait UIInterfaceOrientationPortraitUpsideDown UIInterfaceOrientationLandscapeLeft UIInterfaceOrientationLandscapeRight";
				INFOPLIST_KEY_UISupportedInterfaceOrientations_iPhone = "UIInterfaceOrientationPortrait UIInterfaceOrientationLandscapeLeft UIInterfaceOrientationLandscapeRight";
				LD_RUNPATH_SEARCH_PATHS = (
					"$(inherited)",
					"@executable_path/Frameworks",
				);
				MARKETING_VERSION = 1.0;
				PRODUCT_BUNDLE_IDENTIFIER = com.mert.MarvelliciousVIP;
				PRODUCT_NAME = "$(TARGET_NAME)";
				SWIFT_EMIT_LOC_STRINGS = YES;
				SWIFT_VERSION = 5.0;
				TARGETED_DEVICE_FAMILY = "1,2";
			};
			name = Debug;
		};
		FC878FAC2B46FD9700FC549B /* Release */ = {
			isa = XCBuildConfiguration;
			buildSettings = {
				ASSETCATALOG_COMPILER_APPICON_NAME = AppIcon;
				ASSETCATALOG_COMPILER_GLOBAL_ACCENT_COLOR_NAME = AccentColor;
				CODE_SIGN_STYLE = Automatic;
				CURRENT_PROJECT_VERSION = 1;
				DEVELOPMENT_TEAM = "";
				GENERATE_INFOPLIST_FILE = YES;
				INFOPLIST_FILE = MarvelliciousVIP/Info.plist;
				INFOPLIST_KEY_UIApplicationSupportsIndirectInputEvents = YES;
				INFOPLIST_KEY_UILaunchStoryboardName = LaunchScreen;
				INFOPLIST_KEY_UIMainStoryboardFile = "";
				INFOPLIST_KEY_UISupportedInterfaceOrientations_iPad = "UIInterfaceOrientationPortrait UIInterfaceOrientationPortraitUpsideDown UIInterfaceOrientationLandscapeLeft UIInterfaceOrientationLandscapeRight";
				INFOPLIST_KEY_UISupportedInterfaceOrientations_iPhone = "UIInterfaceOrientationPortrait UIInterfaceOrientationLandscapeLeft UIInterfaceOrientationLandscapeRight";
				LD_RUNPATH_SEARCH_PATHS = (
					"$(inherited)",
					"@executable_path/Frameworks",
				);
				MARKETING_VERSION = 1.0;
				PRODUCT_BUNDLE_IDENTIFIER = com.mert.MarvelliciousVIP;
				PRODUCT_NAME = "$(TARGET_NAME)";
				SWIFT_EMIT_LOC_STRINGS = YES;
				SWIFT_VERSION = 5.0;
				TARGETED_DEVICE_FAMILY = "1,2";
			};
			name = Release;
		};
		FC878FAE2B46FD9700FC549B /* Debug */ = {
			isa = XCBuildConfiguration;
			buildSettings = {
				ALWAYS_EMBED_SWIFT_STANDARD_LIBRARIES = YES;
				BUNDLE_LOADER = "$(TEST_HOST)";
				CODE_SIGN_STYLE = Automatic;
				CURRENT_PROJECT_VERSION = 1;
				DEVELOPMENT_TEAM = 7SCF2XB98F;
				GENERATE_INFOPLIST_FILE = YES;
				IPHONEOS_DEPLOYMENT_TARGET = 17.0;
				MARKETING_VERSION = 1.0;
				PRODUCT_BUNDLE_IDENTIFIER = com.mert.MarvelliciousVIPTests;
				PRODUCT_NAME = "$(TARGET_NAME)";
				SWIFT_EMIT_LOC_STRINGS = NO;
				SWIFT_VERSION = 5.0;
				TARGETED_DEVICE_FAMILY = "1,2";
				TEST_HOST = "$(BUILT_PRODUCTS_DIR)/MarvelliciousVIP.app/$(BUNDLE_EXECUTABLE_FOLDER_PATH)/MarvelliciousVIP";
			};
			name = Debug;
		};
		FC878FAF2B46FD9700FC549B /* Release */ = {
			isa = XCBuildConfiguration;
			buildSettings = {
				ALWAYS_EMBED_SWIFT_STANDARD_LIBRARIES = YES;
				BUNDLE_LOADER = "$(TEST_HOST)";
				CODE_SIGN_STYLE = Automatic;
				CURRENT_PROJECT_VERSION = 1;
				DEVELOPMENT_TEAM = 7SCF2XB98F;
				GENERATE_INFOPLIST_FILE = YES;
				IPHONEOS_DEPLOYMENT_TARGET = 17.0;
				MARKETING_VERSION = 1.0;
				PRODUCT_BUNDLE_IDENTIFIER = com.mert.MarvelliciousVIPTests;
				PRODUCT_NAME = "$(TARGET_NAME)";
				SWIFT_EMIT_LOC_STRINGS = NO;
				SWIFT_VERSION = 5.0;
				TARGETED_DEVICE_FAMILY = "1,2";
				TEST_HOST = "$(BUILT_PRODUCTS_DIR)/MarvelliciousVIP.app/$(BUNDLE_EXECUTABLE_FOLDER_PATH)/MarvelliciousVIP";
			};
			name = Release;
		};
		FC878FB12B46FD9700FC549B /* Debug */ = {
			isa = XCBuildConfiguration;
			buildSettings = {
				ALWAYS_EMBED_SWIFT_STANDARD_LIBRARIES = YES;
				CODE_SIGN_STYLE = Automatic;
				CURRENT_PROJECT_VERSION = 1;
				DEVELOPMENT_TEAM = 7SCF2XB98F;
				GENERATE_INFOPLIST_FILE = YES;
				MARKETING_VERSION = 1.0;
				PRODUCT_BUNDLE_IDENTIFIER = com.mert.MarvelliciousVIPUITests;
				PRODUCT_NAME = "$(TARGET_NAME)";
				SWIFT_EMIT_LOC_STRINGS = NO;
				SWIFT_VERSION = 5.0;
				TARGETED_DEVICE_FAMILY = "1,2";
				TEST_TARGET_NAME = MarvelliciousVIP;
			};
			name = Debug;
		};
		FC878FB22B46FD9700FC549B /* Release */ = {
			isa = XCBuildConfiguration;
			buildSettings = {
				ALWAYS_EMBED_SWIFT_STANDARD_LIBRARIES = YES;
				CODE_SIGN_STYLE = Automatic;
				CURRENT_PROJECT_VERSION = 1;
				DEVELOPMENT_TEAM = 7SCF2XB98F;
				GENERATE_INFOPLIST_FILE = YES;
				MARKETING_VERSION = 1.0;
				PRODUCT_BUNDLE_IDENTIFIER = com.mert.MarvelliciousVIPUITests;
				PRODUCT_NAME = "$(TARGET_NAME)";
				SWIFT_EMIT_LOC_STRINGS = NO;
				SWIFT_VERSION = 5.0;
				TARGETED_DEVICE_FAMILY = "1,2";
				TEST_TARGET_NAME = MarvelliciousVIP;
			};
			name = Release;
		};
/* End XCBuildConfiguration section */

/* Begin XCConfigurationList section */
		FC878F7B2B46FD9500FC549B /* Build configuration list for PBXProject "MarvelliciousVIP" */ = {
			isa = XCConfigurationList;
			buildConfigurations = (
				FC878FA82B46FD9700FC549B /* Debug */,
				FC878FA92B46FD9700FC549B /* Release */,
			);
			defaultConfigurationIsVisible = 0;
			defaultConfigurationName = Release;
		};
		FC878FAA2B46FD9700FC549B /* Build configuration list for PBXNativeTarget "MarvelliciousVIP" */ = {
			isa = XCConfigurationList;
			buildConfigurations = (
				FC878FAB2B46FD9700FC549B /* Debug */,
				FC878FAC2B46FD9700FC549B /* Release */,
			);
			defaultConfigurationIsVisible = 0;
			defaultConfigurationName = Release;
		};
		FC878FAD2B46FD9700FC549B /* Build configuration list for PBXNativeTarget "MarvelliciousVIPTests" */ = {
			isa = XCConfigurationList;
			buildConfigurations = (
				FC878FAE2B46FD9700FC549B /* Debug */,
				FC878FAF2B46FD9700FC549B /* Release */,
			);
			defaultConfigurationIsVisible = 0;
			defaultConfigurationName = Release;
		};
		FC878FB02B46FD9700FC549B /* Build configuration list for PBXNativeTarget "MarvelliciousVIPUITests" */ = {
			isa = XCConfigurationList;
			buildConfigurations = (
				FC878FB12B46FD9700FC549B /* Debug */,
				FC878FB22B46FD9700FC549B /* Release */,
			);
			defaultConfigurationIsVisible = 0;
			defaultConfigurationName = Release;
		};
/* End XCConfigurationList section */
	};
	rootObject = FC878F782B46FD9500FC549B /* Project object */;
}
